{
    "_meta": {
        "hash": {
            "sha256": "0a35a8cf76dc973188a6019633dc474567b26aee6c00fb7ff52525ce6a6a2364"
        },
        "pipfile-spec": 6,
        "requires": {
            "python_version": "3.11"
        },
        "sources": [
            {
                "name": "pypi",
                "url": "https://pypi.org/simple",
                "verify_ssl": true
            }
        ]
    },
    "default": {
        "pyalsaaudio": {
            "hashes": [
                "sha256:e21175500a2bd310ae3867e7991639defc1e2a5c92cf1b9f7083296b346738ab"
            ],
            "index": "pypi",
            "version": "==0.10.0"
        },
        "pyserial": {
            "hashes": [
                "sha256:3c77e014170dfffbd816e6ffc205e9842efb10be9f58ec16d3e8675b4925cddb",
                "sha256:c4451db6ba391ca6ca299fb3ec7bae67a5c55dde170964c7a14ceefec02f2cf0"
            ],
            "index": "pypi",
            "version": "==3.5"
        },
        "python-xlib": {
            "hashes": [
                "sha256:55af7906a2c75ce6cb280a584776080602444f75815a7aff4d287bb2d7018b32",
                "sha256:c3534038d42e0df2f1392a1b30a15a4ff5fdc2b86cfa94f072bf11b10a164398"
            ],
            "version": "==0.33"
        },
        "pyuserinput": {
            "hashes": [
                "sha256:006b5ed06cf740eeeb2c7221e1cb8dc5ae35f16267e41262bfb0e7cfdca7fb2b",
                "sha256:61d9c0e81331b02efa5c62c6fb9416675ae79fbd00a3e12eaa8274b103446857"
            ],
            "index": "pypi",
            "version": "==0.1.11"
        },
        "six": {
            "hashes": [
                "sha256:1e61c37477a1626458e36f7b1d82aa5c9b094fa4802892072e49de9c60c4c926",
                "sha256:8abb2f1d86890a2dfb989f9a77cfcfd3e47c2a354b01111771326f8aa26e0254"
            ],
            "markers": "python_version >= '2.7' and python_version not in '3.0, 3.1, 3.2, 3.3'",
            "version": "==1.16.0"
        }
    },
    "develop": {}
}
