# This file is automatically @generated by Poetry 1.8.5 and should not be changed by hand.

[[package]]
name = "pyalsaaudio"
version = "0.11.0"
description = "ALSA bindings"
optional = false
python-versions = "*"
files = [
    {file = "pyalsaaudio-0.11.0.tar.gz", hash = "sha256:a78a9dca33524b2c9064b34e21f5ab874272313cf324a9a77592f396a5e0fddc"},
]

[[package]]
name = "pyserial"
version = "3.5"
description = "Python Serial Port Extension"
optional = false
python-versions = "*"
files = [
    {file = "pyserial-3.5-py2.py3-none-any.whl", hash = "sha256:c4451db6ba391ca6ca299fb3ec7bae67a5c55dde170964c7a14ceefec02f2cf0"},
    {file = "pyserial-3.5.tar.gz", hash = "sha256:3c77e014170dfffbd816e6ffc205e9842efb10be9f58ec16d3e8675b4925cddb"},
]

[package.extras]
cp2110 = ["hidapi"]

[metadata]
lock-version = "2.0"
python-versions = "^3.12"
content-hash = "d71fd00f59b413428c431b8e738f9e4f3e046fa4fa4587aa72d502930a45d534"
